Microsoft Visual Studio Solution File, Format Version 12.00
# Visual Studio Version 17
VisualStudioVersion = 17.5.2.0
MinimumVisualStudioVersion = 10.0.40219.1
Project("{2150E333-8FDC-42A3-9474-1A3956D46DE8}") = "Login", "Login", "{5229CFBD-ECAE-F2CA-547A-28A8A976D337}"
EndProject
Project("{2150E333-8FDC-42A3-9474-1A3956D46DE8}") = "src", "src", "{6D1D2528-FF57-CAD1-3C19-1E79435664DC}"
EndProject
Project("{FAE04EC0-301F-11D3-BF4B-00C04F79EFBC}") = "Login", "Login\src\Login.csproj", "{0CE84BB1-FE11-D213-8400-8C433F294A9A}"
EndProject
Global
	GlobalSection(SolutionConfigurationPlatforms) = preSolution
		Debug|Any CPU = Debug|Any CPU
		Release|Any CPU = Release|Any CPU
	EndGlobalSection
	GlobalSection(ProjectConfigurationPlatforms) = postSolution
		{0CE84BB1-FE11-D213-8400-8C433F294A9A}.Debug|Any CPU.ActiveCfg = Debug|Any CPU
		{0CE84BB1-FE11-D213-8400-8C433F294A9A}.Debug|Any CPU.Build.0 = Debug|Any CPU
		{0CE84BB1-FE11-D213-8400-8C433F294A9A}.Release|Any CPU.ActiveCfg = Release|Any CPU
		{0CE84BB1-FE11-D213-8400-8C433F294A9A}.Release|Any CPU.Build.0 = Release|Any CPU
	EndGlobalSection
	GlobalSection(SolutionProperties) = preSolution
		HideSolutionNode = FALSE
	EndGlobalSection
	GlobalSection(NestedProjects) = preSolution
		{6D1D2528-FF57-CAD1-3C19-1E79435664DC} = {5229CFBD-ECAE-F2CA-547A-28A8A976D337}
		{0CE84BB1-FE11-D213-8400-8C433F294A9A} = {6D1D2528-FF57-CAD1-3C19-1E79435664DC}
	EndGlobalSection
	GlobalSection(ExtensibilityGlobals) = postSolution
		SolutionGuid = {B09905C9-7365-4746-97AB-76374C735462}
	EndGlobalSection
EndGlobal
